# This file was autogenerated by uv via the following command:
#    uv pip compile pyproject.toml -o requirements.lock --python-version 3.12
aiosqlite==0.22.1
    # via greyhound-predictor (pyproject.toml)
alembic==1.18.4
    # via
    #   greyhound-predictor (pyproject.toml)
    #   optuna
annotated-doc==0.0.4
    # via fastapi
annotated-types==0.7.0
    # via pydantic
anyio==4.13.0
    # via
    #   httpx
    #   starlette
    #   watchfiles
apscheduler==3.11.2
    # via greyhound-predictor (pyproject.toml)
beautifulsoup4==4.15.0
    # via greyhound-predictor (pyproject.toml)
boto3==1.43.27
    # via greyhound-predictor (pyproject.toml)
botocore==1.43.27
    # via
    #   boto3
    #   s3transfer
certifi==2026.5.20
    # via
    #   httpcore
    #   httpx
click==8.4.1
    # via uvicorn
cloudpickle==3.1.2
    # via shap
colorlog==6.10.1
    # via optuna
fastapi==0.136.3
    # via greyhound-predictor (pyproject.toml)
greenlet==3.5.1
    # via sqlalchemy
h11==0.16.0
    # via
    #   httpcore
    #   uvicorn
httpcore==1.0.9
    # via httpx
httptools==0.8.0
    # via uvicorn
httpx==0.28.1
    # via greyhound-predictor (pyproject.toml)
idna==3.18
    # via
    #   anyio
    #   httpx
jmespath==1.1.0
    # via
    #   boto3
    #   botocore
joblib==1.5.3
    # via scikit-learn
lightgbm==4.6.0
    # via greyhound-predictor (pyproject.toml)
llvmlite==0.47.0
    # via
    #   numba
    #   shap
mako==1.3.12
    # via alembic
markupsafe==3.0.3
    # via mako
narwhals==2.22.1
    # via scikit-learn
numba==0.65.1
    # via shap
numpy==2.4.6
    # via
    #   greyhound-predictor (pyproject.toml)
    #   lightgbm
    #   numba
    #   optuna
    #   pandas
    #   scikit-learn
    #   scipy
    #   shap
    #   xgboost
nvidia-nccl-cu12==2.30.7
    # via xgboost
optuna==4.9.0
    # via greyhound-predictor (pyproject.toml)
packaging==26.2
    # via
    #   optuna
    #   shap
pandas==3.0.3
    # via
    #   greyhound-predictor (pyproject.toml)
    #   shap
pydantic==2.13.4
    # via
    #   greyhound-predictor (pyproject.toml)
    #   fastapi
    #   pydantic-settings
pydantic-core==2.46.4
    # via pydantic
pydantic-settings==2.14.1
    # via greyhound-predictor (pyproject.toml)
python-dateutil==2.9.0.post0
    # via
    #   botocore
    #   pandas
python-dotenv==1.2.2
    # via
    #   pydantic-settings
    #   uvicorn
pyyaml==6.0.3
    # via
    #   optuna
    #   uvicorn
restrictedpython==8.2
    # via greyhound-predictor (pyproject.toml)
s3transfer==0.18.0
    # via boto3
scikit-learn==1.9.0
    # via
    #   greyhound-predictor (pyproject.toml)
    #   shap
scipy==1.17.1
    # via
    #   lightgbm
    #   scikit-learn
    #   shap
    #   xgboost
shap==0.51.0
    # via greyhound-predictor (pyproject.toml)
six==1.17.0
    # via python-dateutil
slicer==0.0.8
    # via shap
soupsieve==2.8.4
    # via beautifulsoup4
sqlalchemy==2.0.50
    # via
    #   greyhound-predictor (pyproject.toml)
    #   alembic
    #   optuna
starlette==1.3.0
    # via fastapi
threadpoolctl==3.6.0
    # via scikit-learn
tqdm==4.68.2
    # via
    #   optuna
    #   shap
typing-extensions==4.15.0
    # via
    #   alembic
    #   anyio
    #   beautifulsoup4
    #   fastapi
    #   pydantic
    #   pydantic-core
    #   shap
    #   sqlalchemy
    #   starlette
    #   typing-inspection
typing-inspection==0.4.2
    # via
    #   fastapi
    #   pydantic
    #   pydantic-settings
tzlocal==5.3.1
    # via apscheduler
urllib3==2.7.0
    # via botocore
uvicorn==0.49.0
    # via greyhound-predictor (pyproject.toml)
uvloop==0.22.1
    # via uvicorn
watchfiles==1.2.0
    # via uvicorn
websockets==16.0
    # via uvicorn
xgboost==3.2.0
    # via greyhound-predictor (pyproject.toml)
